// !$*UTF8*$!
{
	archiveVersion = 1;
	classes = {
	};
	objectVersion = 56;
	objects = {

/* Begin PBXFileReference section */
		BDC196B22C6ACA580096E048 /* 3 - LongestSubstring.playground */ = {isa = PBXFileReference; lastKnownFileType = file.playground; path = "3 - LongestSubstring.playground"; sourceTree = "<group>"; xcLanguageSpecificationIdentifier = xcode.lang.swift; };
		BDC196B32C6BFFA40096E048 /* 4 - MedianofTwoSortedArrays.playground */ = {isa = PBXFileReference; lastKnownFileType = file.playground; path = "4 - MedianofTwoSortedArrays.playground"; sourceTree = "<group>"; xcLanguageSpecificationIdentifier = xcode.lang.swift; };
		BDE0942B2C6A7CDF00B9C928 /* 1 - TwoSum.playground */ = {isa = PBXFileReference; lastKnownFileType = file.playground; path = "1 - TwoSum.playground"; sourceTree = "<group>"; xcLanguageSpecificationIdentifier = xcode.lang.swift; };
		BDE0942C2C6A844600B9C928 /* 2 - AddTwoNumbers.playground */ = {isa = PBXFileReference; lastKnownFileType = file.playground; path = "2 - AddTwoNumbers.playground"; sourceTree = "<group>"; xcLanguageSpecificationIdentifier = xcode.lang.swift; };
/* End PBXFileReference section */

/* Begin PBXGroup section */
		BDE094242C6A7CA800B9C928 = {
			isa = PBXGroup;
			children = (
				BDC196B32C6BFFA40096E048 /* 4 - MedianofTwoSortedArrays.playground */,
				BDC196B22C6ACA580096E048 /* 3 - LongestSubstring.playground */,
				BDE0942C2C6A844600B9C928 /* 2 - AddTwoNumbers.playground */,
				BDE0942B2C6A7CDF00B9C928 /* 1 - TwoSum.playground */,
			);
			sourceTree = "<group>";
		};
/* End PBXGroup section */

/* Begin PBXProject section */
		BDE094252C6A7CA800B9C928 /* Project object */ = {
			isa = PBXProject;
			attributes = {
				BuildIndependentTargetsInParallel = 1;
				LastUpgradeCheck = 1540;
			};
			buildConfigurationList = BDE094282C6A7CA800B9C928 /* Build configuration list for PBXProject "LeetcodeProblems" */;
			compatibilityVersion = "Xcode 14.0";
			developmentRegion = en;
			hasScannedForEncodings = 0;
			knownRegions = (
				en,
				Base,
			);
			mainGroup = BDE094242C6A7CA800B9C928;
			projectDirPath = "";
			projectRoot = "";
			targets = (
			);
		};
/* End PBXProject section */

/* Begin XCBuildConfiguration section */
		BDE094292C6A7CA800B9C928 /* Debug */ = {
			isa = XCBuildConfiguration;
			buildSettings = {
			};
			name = Debug;
		};
		BDE0942A2C6A7CA800B9C928 /* Release */ = {
			isa = XCBuildConfiguration;
			buildSettings = {
			};
			name = Release;
		};
/* End XCBuildConfiguration section */

/* Begin XCConfigurationList section */
		BDE094282C6A7CA800B9C928 /* Build configuration list for PBXProject "LeetcodeProblems" */ = {
			isa = XCConfigurationList;
			buildConfigurations = (
				BDE094292C6A7CA800B9C928 /* Debug */,
				BDE0942A2C6A7CA800B9C928 /* Release */,
			);
			defaultConfigurationIsVisible = 0;
			defaultConfigurationName = Release;
		};
/* End XCConfigurationList section */
	};
	rootObject = BDE094252C6A7CA800B9C928 /* Project object */;
}
